{
    "_readme": [
        "This file locks the dependencies of your project to a known state",
        "Read more about it at https://getcomposer.org/doc/01-basic-usage.md#composer-lock-the-lock-file",
        "This file is @generated automatically"
    ],
    "hash": "2a2b49d6580ff559b225488d5d0f2e33",
    "packages": [
        {
            "name": "crodas/class-info",
            "version": "v0.1.17",
            "source": {
                "type": "git",
                "url": "https://github.com/crodas/ClassInfo.git",
                "reference": "d8e15a64b2b31b5c3ebece582018eee86e9a2638"
            },
            "dist": {
                "type": "zip",
                "url": "https://api.github.com/repos/crodas/ClassInfo/zipball/d8e15a64b2b31b5c3ebece582018eee86e9a2638",
                "reference": "d8e15a64b2b31b5c3ebece582018eee86e9a2638",
                "shasum": ""
            },
            "require": {
                "nikic/php-parser": "1.1.*"
            },
            "type": "library",
            "autoload": {
                "psr-0": {
                    "crodas": "lib/"
                }
            },
            "notification-url": "https://packagist.org/downloads/",
            "license": [
                "BSD-4-Clause"
            ],
            "authors": [
                {
                    "name": "César D. Rodas",
                    "email": "crodas@php.net"
                }
            ],
            "description": "Get classes and functions defined in a given file",
            "time": "2015-05-02 15:25:50"
        },
        {
            "name": "crodas/file-util",
            "version": "v0.1.16",
            "source": {
                "type": "git",
                "url": "https://github.com/crodas/FileUtils.git",
                "reference": "0a2876ccbbeadfd077010a6e99bf46fe6f0178a6"
            },
            "dist": {
                "type": "zip",
                "url": "https://api.github.com/repos/crodas/FileUtils/zipball/0a2876ccbbeadfd077010a6e99bf46fe6f0178a6",
                "reference": "0a2876ccbbeadfd077010a6e99bf46fe6f0178a6",
                "shasum": ""
            },
            "type": "library",
            "autoload": {
                "psr-0": {
                    "crodas": "lib/"
                }
            },
            "notification-url": "https://packagist.org/downloads/",
            "license": [
                "BSD-4-Clause"
            ],
            "authors": [
                {
                    "name": "César D. Rodas",
                    "email": "crodas@php.net"
                }
            ],
            "description": "Useful libraries to manipulate files",
            "time": "2015-01-06 01:42:03"
        },
        {
            "name": "crodas/notoj",
            "version": "v1.0.3",
            "source": {
                "type": "git",
                "url": "https://github.com/crodas/Notoj.git",
                "reference": "4065b0407bcfa71e125f1c1149ce08ed491be33d"
            },
            "dist": {
                "type": "zip",
                "url": "https://api.github.com/repos/crodas/Notoj/zipball/4065b0407bcfa71e125f1c1149ce08ed491be33d",
                "reference": "4065b0407bcfa71e125f1c1149ce08ed491be33d",
                "shasum": ""
            },
            "require": {
                "crodas/class-info": ">=0.1.11",
                "crodas/file-util": ">=0.1.14",
                "php": ">=5.3.0"
            },
            "type": "library",
            "autoload": {
                "psr-0": {
                    "Notoj": "lib/"
                }
            },
            "notification-url": "https://packagist.org/downloads/",
            "license": [
                "BSD-4-Clause"
            ],
            "authors": [
                {
                    "name": "César D. Rodas",
                    "email": "crodas@php.net"
                }
            ],
            "description": "Annotation parser. Uses reflection and provides cache out of the box.",
            "time": "2015-03-21 14:23:43"
        },
        {
            "name": "crodas/service-provider",
            "version": "v0.1.30",
            "source": {
                "type": "git",
                "url": "https://github.com/crodas/ServiceProvider.git",
                "reference": "7a5c385e9e402677cf21b757a98e98f5b42b48ba"
            },
            "dist": {
                "type": "zip",
                "url": "https://api.github.com/repos/crodas/ServiceProvider/zipball/7a5c385e9e402677cf21b757a98e98f5b42b48ba",
                "reference": "7a5c385e9e402677cf21b757a98e98f5b42b48ba",
                "shasum": ""
            },
            "require": {
                "crodas/file-util": "~0.1",
                "crodas/notoj": "^1.0",
                "crodas/simple-view-engine": "~0.1",
                "crodas/watch-files": "~0.1",
                "seld/jsonlint": "*",
                "symfony/yaml": "~2.6"
            },
            "type": "library",
            "autoload": {
                "psr-0": {
                    "ServiceProvider": "lib/"
                }
            },
            "notification-url": "https://packagist.org/downloads/",
            "license": [
                "BSD-4-Clause"
            ],
            "authors": [
                {
                    "name": "César D. Rodas",
                    "email": "crodas@php.net"
                }
            ],
            "description": "Little configuration manager and dependency injection",
            "time": "2015-05-08 16:07:27"
        },
        {
            "name": "crodas/simple-view-engine",
            "version": "v0.1.37",
            "source": {
                "type": "git",
                "url": "https://github.com/crodas/SimpleView.git",
                "reference": "5fc97024744d37bfdb82c890878c8b2a07cf017f"
            },
            "dist": {
                "type": "zip",
                "url": "https://api.github.com/repos/crodas/SimpleView/zipball/5fc97024744d37bfdb82c890878c8b2a07cf017f",
                "reference": "5fc97024744d37bfdb82c890878c8b2a07cf017f",
                "shasum": ""
            },
            "require": {
                "crodas/service-provider": "~0.1",
                "crodas/watch-files": "*",
                "symfony/console": "*",
                "symfony/finder": "*"
            },
            "suggest": {
                "crodas/asset": "To use assets with the view"
            },
            "type": "library",
            "autoload": {
                "classmap": [
                    "lib/"
                ]
            },
            "notification-url": "https://packagist.org/downloads/",
            "license": [
                "BSD-4-Clause"
            ],
            "authors": [
                {
                    "name": "César D. Rodas",
                    "email": "crodas@php.net"
                }
            ],
            "description": "Simple View engine designed to generate code. Based on Laravel's 4 Blade.",
            "time": "2015-03-09 01:38:36"
        },
        {
            "name": "crodas/watch-files",
            "version": "v0.1.6",
            "source": {
                "type": "git",
                "url": "https://github.com/crodas/WatchFiles.git",
                "reference": "e9e08aa4ee6e7503e57d953eebd50193bf7a2580"
            },
            "dist": {
                "type": "zip",
                "url": "https://api.github.com/repos/crodas/WatchFiles/zipball/e9e08aa4ee6e7503e57d953eebd50193bf7a2580",
                "reference": "e9e08aa4ee6e7503e57d953eebd50193bf7a2580",
                "shasum": ""
            },
            "require": {
                "crodas/file-util": ">=0.1.7",
                "crodas/simple-view-engine": "~0.1"
            },
            "type": "library",
            "autoload": {
                "psr-0": {
                    "WatchFiles": "lib/"
                }
            },
            "notification-url": "https://packagist.org/downloads/",
            "license": [
                "BSD-4-Clause"
            ],
            "authors": [
                {
                    "name": "César D. Rodas",
                    "email": "crodas@php.net"
                }
            ],
            "description": "Watch files and directories for changes",
            "time": "2015-01-04 19:16:44"
        },
        {
            "name": "illuminate/filesystem",
            "version": "v4.2.17",
            "target-dir": "Illuminate/Filesystem",
            "source": {
                "type": "git",
                "url": "https://github.com/illuminate/filesystem.git",
                "reference": "9127fb58eb6b721d98d2f7077df6cb8004da24c0"
            },
            "dist": {
                "type": "zip",
                "url": "https://api.github.com/repos/illuminate/filesystem/zipball/9127fb58eb6b721d98d2f7077df6cb8004da24c0",
                "reference": "9127fb58eb6b721d98d2f7077df6cb8004da24c0",
                "shasum": ""
            },
            "require": {
                "illuminate/support": "4.2.*",
                "php": ">=5.4.0",
                "symfony/finder": "2.5.*"
            },
            "type": "library",
            "extra": {
                "branch-alias": {
                    "dev-master": "4.2-dev"
                }
            },
            "autoload": {
                "psr-0": {
                    "Illuminate\\Filesystem": ""
                }
            },
            "notification-url": "https://packagist.org/downloads/",
            "license": [
                "MIT"
            ],
            "authors": [
                {
                    "name": "Taylor Otwell",
                    "email": "taylorotwell@gmail.com"
                }
            ],
            "time": "2014-12-29 18:11:33"
        },
        {
            "name": "illuminate/support",
            "version": "v4.2.17",
            "target-dir": "Illuminate/Support",
            "source": {
                "type": "git",
                "url": "https://github.com/illuminate/support.git",
                "reference": "db61f3f6d507ce417ca993e1f93585db7efd8b12"
            },
            "dist": {
                "type": "zip",
                "url": "https://api.github.com/repos/illuminate/support/zipball/db61f3f6d507ce417ca993e1f93585db7efd8b12",
                "reference": "db61f3f6d507ce417ca993e1f93585db7efd8b12",
                "shasum": ""
            },
            "require": {
                "php": ">=5.4.0"
            },
            "require-dev": {
                "jeremeamia/superclosure": "~1.0.1",
                "patchwork/utf8": "~1.1"
            },
            "type": "library",
            "extra": {
                "branch-alias": {
                    "dev-master": "4.2-dev"
                }
            },
            "autoload": {
                "psr-0": {
                    "Illuminate\\Support": ""
                },
                "files": [
                    "Illuminate/Support/helpers.php"
                ]
            },
            "notification-url": "https://packagist.org/downloads/",
            "license": [
                "MIT"
            ],
            "authors": [
                {
                    "name": "Taylor Otwell",
                    "email": "taylorotwell@gmail.com"
                }
            ],
            "time": "2015-01-27 20:51:43"
        },
        {
            "name": "jasonlewis/resource-watcher",
            "version": "v1.1.1",
            "source": {
                "type": "git",
                "url": "https://github.com/jasonlewis/resource-watcher.git",
                "reference": "a4dbcb49556e0fbd48da0efd28ad2e25d97b6e83"
            },
            "dist": {
                "type": "zip",
                "url": "https://api.github.com/repos/jasonlewis/resource-watcher/zipball/a4dbcb49556e0fbd48da0efd28ad2e25d97b6e83",
                "reference": "a4dbcb49556e0fbd48da0efd28ad2e25d97b6e83",
                "shasum": ""
            },
            "require": {
                "illuminate/filesystem": "~4.0",
                "illuminate/support": "~4.0",
                "php": ">=5.3.0"
            },
            "require-dev": {
                "mockery/mockery": "~0.9"
            },
            "type": "library",
            "autoload": {
                "psr-0": {
                    "JasonLewis\\ResourceWatcher": "src/"
                }
            },
            "notification-url": "https://packagist.org/downloads/",
            "authors": [
                {
                    "name": "Jason Lewis",
                    "email": "jason.lewis1991@gmail.com",
                    "homepage": "http://jasonlewis.me",
                    "role": "Creator"
                }
            ],
            "description": "Simple PHP resource watcher library.",
            "keywords": [
                "assets",
                "laravel",
                "resource"
            ],
            "time": "2014-05-09 14:03:20"
        },
        {
            "name": "nikic/php-parser",
            "version": "v1.1.0",
            "source": {
                "type": "git",
                "url": "https://github.com/nikic/PHP-Parser.git",
                "reference": "ac05ef6f95bf8361549604b6031c115f92f39528"
            },
            "dist": {
                "type": "zip",
                "url": "https://api.github.com/repos/nikic/PHP-Parser/zipball/ac05ef6f95bf8361549604b6031c115f92f39528",
                "reference": "ac05ef6f95bf8361549604b6031c115f92f39528",
                "shasum": ""
            },
            "require": {
                "ext-tokenizer": "*",
                "php": ">=5.3"
            },
            "type": "library",
            "extra": {
                "branch-alias": {
                    "dev-master": "1.0-dev"
                }
            },
            "autoload": {
                "files": [
                    "lib/bootstrap.php"
                ]
            },
            "notification-url": "https://packagist.org/downloads/",
            "license": [
                "BSD-3-Clause"
            ],
            "authors": [
                {
                    "name": "Nikita Popov"
                }
            ],
            "description": "A PHP parser written in PHP",
            "keywords": [
                "parser",
                "php"
            ],
            "time": "2015-01-18 11:29:59"
        },
        {
            "name": "seld/jsonlint",
            "version": "1.3.1",
            "source": {
                "type": "git",
                "url": "https://github.com/Seldaek/jsonlint.git",
                "reference": "863ae85c6d3ef60ca49cb12bd051c4a0648c40c4"
            },
            "dist": {
                "type": "zip",
                "url": "https://api.github.com/repos/Seldaek/jsonlint/zipball/863ae85c6d3ef60ca49cb12bd051c4a0648c40c4",
                "reference": "863ae85c6d3ef60ca49cb12bd051c4a0648c40c4",
                "shasum": ""
            },
            "require": {
                "php": ">=5.3.0"
            },
            "bin": [
                "bin/jsonlint"
            ],
            "type": "library",
            "autoload": {
                "psr-4": {
                    "Seld\\JsonLint\\": "src/Seld/JsonLint/"
                }
            },
            "notification-url": "https://packagist.org/downloads/",
            "license": [
                "MIT"
            ],
            "authors": [
                {
                    "name": "Jordi Boggiano",
                    "email": "j.boggiano@seld.be",
                    "homepage": "http://seld.be"
                }
            ],
            "description": "JSON Linter",
            "keywords": [
                "json",
                "linter",
                "parser",
                "validator"
            ],
            "time": "2015-01-04 21:18:15"
        },
        {
            "name": "symfony/console",
            "version": "2.6.x-dev",
            "target-dir": "Symfony/Component/Console",
            "source": {
                "type": "git",
                "url": "https://github.com/symfony/Console.git",
                "reference": "ebc5679854aa24ed7d65062e9e3ab0b18a917272"
            },
            "dist": {
                "type": "zip",
                "url": "https://api.github.com/repos/symfony/Console/zipball/ebc5679854aa24ed7d65062e9e3ab0b18a917272",
                "reference": "ebc5679854aa24ed7d65062e9e3ab0b18a917272",
                "shasum": ""
            },
            "require": {
                "php": ">=5.3.3"
            },
            "require-dev": {
                "psr/log": "~1.0",
                "symfony/event-dispatcher": "~2.1",
                "symfony/phpunit-bridge": "~2.7",
                "symfony/process": "~2.1"
            },
            "suggest": {
                "psr/log": "For using the console logger",
                "symfony/event-dispatcher": "",
                "symfony/process": ""
            },
            "type": "library",
            "extra": {
                "branch-alias": {
                    "dev-master": "2.6-dev"
                }
            },
            "autoload": {
                "psr-0": {
                    "Symfony\\Component\\Console\\": ""
                }
            },
            "notification-url": "https://packagist.org/downloads/",
            "license": [
                "MIT"
            ],
            "authors": [
                {
                    "name": "Fabien Potencier",
                    "email": "fabien@symfony.com"
                },
                {
                    "name": "Symfony Community",
                    "homepage": "https://symfony.com/contributors"
                }
            ],
            "description": "Symfony Console Component",
            "homepage": "https://symfony.com",
            "time": "2015-05-02 15:18:45"
        },
        {
            "name": "symfony/finder",
            "version": "v2.5.11",
            "target-dir": "Symfony/Component/Finder",
            "source": {
                "type": "git",
                "url": "https://github.com/symfony/Finder.git",
                "reference": "e527ebf47ff912a45e148b7d0b107b80ec0b3cc2"
            },
            "dist": {
                "type": "zip",
                "url": "https://api.github.com/repos/symfony/Finder/zipball/e527ebf47ff912a45e148b7d0b107b80ec0b3cc2",
                "reference": "e527ebf47ff912a45e148b7d0b107b80ec0b3cc2",
                "shasum": ""
            },
            "require": {
                "php": ">=5.3.3"
            },
            "type": "library",
            "extra": {
                "branch-alias": {
                    "dev-master": "2.5-dev"
                }
            },
            "autoload": {
                "psr-0": {
                    "Symfony\\Component\\Finder\\": ""
                }
            },
            "notification-url": "https://packagist.org/downloads/",
            "license": [
                "MIT"
            ],
            "authors": [
                {
                    "name": "Symfony Community",
                    "homepage": "http://symfony.com/contributors"
                },
                {
                    "name": "Fabien Potencier",
                    "email": "fabien@symfony.com"
                }
            ],
            "description": "Symfony Finder Component",
            "homepage": "http://symfony.com",
            "time": "2015-01-03 08:01:13"
        },
        {
            "name": "symfony/yaml",
            "version": "2.6.x-dev",
            "target-dir": "Symfony/Component/Yaml",
            "source": {
                "type": "git",
                "url": "https://github.com/symfony/Yaml.git",
                "reference": "f157ab074e453ecd4c0fa775f721f6e67a99d9e2"
            },
            "dist": {
                "type": "zip",
                "url": "https://api.github.com/repos/symfony/Yaml/zipball/f157ab074e453ecd4c0fa775f721f6e67a99d9e2",
                "reference": "f157ab074e453ecd4c0fa775f721f6e67a99d9e2",
                "shasum": ""
            },
            "require": {
                "php": ">=5.3.3"
            },
            "require-dev": {
                "symfony/phpunit-bridge": "~2.7"
            },
            "type": "library",
            "extra": {
                "branch-alias": {
                    "dev-master": "2.6-dev"
                }
            },
            "autoload": {
                "psr-0": {
                    "Symfony\\Component\\Yaml\\": ""
                }
            },
            "notification-url": "https://packagist.org/downloads/",
            "license": [
                "MIT"
            ],
            "authors": [
                {
                    "name": "Fabien Potencier",
                    "email": "fabien@symfony.com"
                },
                {
                    "name": "Symfony Community",
                    "homepage": "https://symfony.com/contributors"
                }
            ],
            "description": "Symfony Yaml Component",
            "homepage": "https://symfony.com",
            "time": "2015-05-02 15:18:45"
        },
        {
            "name": "touki/ftp",
            "version": "v1.1.3",
            "source": {
                "type": "git",
                "url": "https://github.com/touki653/php-ftp-wrapper.git",
                "reference": "9cb0d85fe695058db4a7daafd07b884f987feae3"
            },
            "dist": {
                "type": "zip",
                "url": "https://api.github.com/repos/touki653/php-ftp-wrapper/zipball/9cb0d85fe695058db4a7daafd07b884f987feae3",
                "reference": "9cb0d85fe695058db4a7daafd07b884f987feae3",
                "shasum": ""
            },
            "require": {
                "php": ">=5.3.2"
            },
            "type": "library",
            "autoload": {
                "psr-0": {
                    "Touki\\FTP": [
                        "lib/",
                        "tests/"
                    ]
                }
            },
            "notification-url": "https://packagist.org/downloads/",
            "license": [
                "MIT"
            ],
            "authors": [
                {
                    "name": "Touki",
                    "email": "g.vincendon@vithemis.com"
                }
            ],
            "description": "A fully object oriented library for PHP FTP functions",
            "time": "2014-06-27 14:24:15"
        }
    ],
    "packages-dev": [],
    "aliases": [],
    "minimum-stability": "stable",
    "stability-flags": {
        "symfony/console": 20,
        "symfony/yaml": 20
    },
    "prefer-stable": false,
    "prefer-lowest": false,
    "platform": [],
    "platform-dev": []
}
